
Microsoft Visual Studio Solution File, Format Version 12.00
# Visual Studio 15
VisualStudioVersion = 15.0.28307.539
MinimumVisualStudioVersion = 10.0.40219.1
Project("{FAE04EC0-301F-11D3-BF4B-00C04F79EFBC}") = "WindowsFormsApp3", "WindowsFormsApp3\WindowsFormsApp3.csproj", "{F1A60EF1-42C6-4780-8F7E-9679BE3CE3F7}"
EndProject
Global
	GlobalSection(SolutionConfigurationPlatforms) = preSolution
		Debug|Any CPU = Debug|Any CPU
		Release|Any CPU = Release|Any CPU
	EndGlobalSection
	GlobalSection(ProjectConfigurationPlatforms) = postSolution
		{F1A60EF1-42C6-4780-8F7E-9679BE3CE3F7}.Debug|Any CPU.ActiveCfg = Debug|Any CPU
		{F1A60EF1-42C6-4780-8F7E-9679BE3CE3F7}.Debug|Any CPU.Build.0 = Debug|Any CPU
		{F1A60EF1-42C6-4780-8F7E-9679BE3CE3F7}.Release|Any CPU.ActiveCfg = Release|Any CPU
		{F1A60EF1-42C6-4780-8F7E-9679BE3CE3F7}.Release|Any CPU.Build.0 = Release|Any CPU
	EndGlobalSection
	GlobalSection(SolutionProperties) = preSolution
		HideSolutionNode = FALSE
	EndGlobalSection
	GlobalSection(ExtensibilityGlobals) = postSolution
		SolutionGuid = {160E0173-81BF-4667-A266-54C5A2466A85}
	EndGlobalSection
EndGlobal
